
Microsoft Visual Studio Solution File, Format Version 12.00
# Visual Studio Version 16
VisualStudioVersion = 16.0.29920.165
MinimumVisualStudioVersion = 10.0.40219.1
Project("{FAE04EC0-301F-11D3-BF4B-00C04F79EFBC}") = "Excellebrite", "WindowsFormsApp3\Excellebrite.csproj", "{578EACAF-DF0F-4494-BD3F-3D9BC376A42B}"
EndProject
Global
	GlobalSection(SolutionConfigurationPlatforms) = preSolution
		Debug|Any CPU = Debug|Any CPU
		Release|Any CPU = Release|Any CPU
	EndGlobalSection
	GlobalSection(ProjectConfigurationPlatforms) = postSolution
		{578EACAF-DF0F-4494-BD3F-3D9BC376A42B}.Debug|Any CPU.ActiveCfg = Debug|Any CPU
		{578EACAF-DF0F-4494-BD3F-3D9BC376A42B}.Debug|Any CPU.Build.0 = Debug|Any CPU
		{578EACAF-DF0F-4494-BD3F-3D9BC376A42B}.Release|Any CPU.ActiveCfg = Release|Any CPU
		{578EACAF-DF0F-4494-BD3F-3D9BC376A42B}.Release|Any CPU.Build.0 = Release|Any CPU
	EndGlobalSection
	GlobalSection(SolutionProperties) = preSolution
		HideSolutionNode = FALSE
	EndGlobalSection
	GlobalSection(ExtensibilityGlobals) = postSolution
		SolutionGuid = {D5E9969B-9A75-42C8-AF22-199F16BF2842}
	EndGlobalSection
EndGlobal
